// !$*UTF8*$!
{
	archiveVersion = 1;
	classes = {
	};
	objectVersion = 56;
	objects = {

/* Begin PBXBuildFile section */
		D205CDFF28F6D580001EADC6 /* MarvelApp.swift in Sources */ = {isa = PBXBuildFile; fileRef = D205CDFE28F6D580001EADC6 /* MarvelApp.swift */; };
		D205CE0128F6D580001EADC6 /* Persistence.swift in Sources */ = {isa = PBXBuildFile; fileRef = D205CE0028F6D580001EADC6 /* Persistence.swift */; };
		D205CE0428F6D580001EADC6 /* MarvelApp.xcdatamodeld in Sources */ = {isa = PBXBuildFile; fileRef = D205CE0228F6D580001EADC6 /* MarvelApp.xcdatamodeld */; };
		D205CE0628F6D580001EADC6 /* RootView.swift in Sources */ = {isa = PBXBuildFile; fileRef = D205CE0528F6D580001EADC6 /* RootView.swift */; };
		D205CE0828F6D581001EADC6 /* Assets.xcassets in Resources */ = {isa = PBXBuildFile; fileRef = D205CE0728F6D581001EADC6 /* Assets.xcassets */; };
		D205CE0C28F6D581001EADC6 /* Preview Assets.xcassets in Resources */ = {isa = PBXBuildFile; fileRef = D205CE0B28F6D581001EADC6 /* Preview Assets.xcassets */; };
		D205CE1628F6D581001EADC6 /* MarvelAppTests.swift in Sources */ = {isa = PBXBuildFile; fileRef = D205CE1528F6D581001EADC6 /* MarvelAppTests.swift */; };
		D205CE2028F6D581001EADC6 /* MarvelAppUITests.swift in Sources */ = {isa = PBXBuildFile; fileRef = D205CE1F28F6D581001EADC6 /* MarvelAppUITests.swift */; };
		D205CE2228F6D581001EADC6 /* MarvelAppUITestsLaunchTests.swift in Sources */ = {isa = PBXBuildFile; fileRef = D205CE2128F6D581001EADC6 /* MarvelAppUITestsLaunchTests.swift */; };
		D212A83B28FACE72008F0106 /* BaseNetwork.swift in Sources */ = {isa = PBXBuildFile; fileRef = D212A83A28FACE72008F0106 /* BaseNetwork.swift */; };
		D212A83E28FAF28A008F0106 /* SeriesResponse.swift in Sources */ = {isa = PBXBuildFile; fileRef = D212A83D28FAF28A008F0106 /* SeriesResponse.swift */; };
		D212A84028FB15A8008F0106 /* SeriesView.swift in Sources */ = {isa = PBXBuildFile; fileRef = D212A83F28FB15A8008F0106 /* SeriesView.swift */; };
		D212A84228FB1C87008F0106 /* SeriesRowView.swift in Sources */ = {isa = PBXBuildFile; fileRef = D212A84128FB1C87008F0106 /* SeriesRowView.swift */; };
		D212A84428FB1D42008F0106 /* Thumbnail.swift in Sources */ = {isa = PBXBuildFile; fileRef = D212A84328FB1D42008F0106 /* Thumbnail.swift */; };
		D2BCC1E628F7288700CBFEC4 /* RootViewModel.swift in Sources */ = {isa = PBXBuildFile; fileRef = D2BCC1E528F7288700CBFEC4 /* RootViewModel.swift */; };
		D2BCC1E828F7292000CBFEC4 /* StatusModel.swift in Sources */ = {isa = PBXBuildFile; fileRef = D2BCC1E728F7292000CBFEC4 /* StatusModel.swift */; };
		D2BCC1EE28F72AC400CBFEC4 /* RootView.swift in Sources */ = {isa = PBXBuildFile; fileRef = D205CE0528F6D580001EADC6 /* RootView.swift */; };
		D2BCC1EF28F72AC400CBFEC4 /* RootView.swift in Sources */ = {isa = PBXBuildFile; fileRef = D205CE0528F6D580001EADC6 /* RootView.swift */; };
		D2BCC1F728F72C0C00CBFEC4 /* LoaderView.swift in Sources */ = {isa = PBXBuildFile; fileRef = D2BCC1F628F72C0C00CBFEC4 /* LoaderView.swift */; };
		D2BCC1F828F72C0C00CBFEC4 /* LoaderView.swift in Sources */ = {isa = PBXBuildFile; fileRef = D2BCC1F628F72C0C00CBFEC4 /* LoaderView.swift */; };
		D2BCC1F928F72C0C00CBFEC4 /* LoaderView.swift in Sources */ = {isa = PBXBuildFile; fileRef = D2BCC1F628F72C0C00CBFEC4 /* LoaderView.swift */; };
		D2BCC1FC28F72FA200CBFEC4 /* HerosView.swift in Sources */ = {isa = PBXBuildFile; fileRef = D2BCC1FB28F72FA200CBFEC4 /* HerosView.swift */; };
		D2BCC1FD28F72FA200CBFEC4 /* HerosView.swift in Sources */ = {isa = PBXBuildFile; fileRef = D2BCC1FB28F72FA200CBFEC4 /* HerosView.swift */; };
		D2BCC1FE28F72FA200CBFEC4 /* HerosView.swift in Sources */ = {isa = PBXBuildFile; fileRef = D2BCC1FB28F72FA200CBFEC4 /* HerosView.swift */; };
		D2BCC20028F7300F00CBFEC4 /* SeriesViewModel.swift in Sources */ = {isa = PBXBuildFile; fileRef = D2BCC1FF28F7300F00CBFEC4 /* SeriesViewModel.swift */; };
		D2BCC20128F7300F00CBFEC4 /* SeriesViewModel.swift in Sources */ = {isa = PBXBuildFile; fileRef = D2BCC1FF28F7300F00CBFEC4 /* SeriesViewModel.swift */; };
		D2BCC20228F7300F00CBFEC4 /* SeriesViewModel.swift in Sources */ = {isa = PBXBuildFile; fileRef = D2BCC1FF28F7300F00CBFEC4 /* SeriesViewModel.swift */; };
		D2BCC20428F7317000CBFEC4 /* HerosResponse.swift in Sources */ = {isa = PBXBuildFile; fileRef = D2BCC20328F7317000CBFEC4 /* HerosResponse.swift */; };
		D2BCC20528F7317000CBFEC4 /* HerosResponse.swift in Sources */ = {isa = PBXBuildFile; fileRef = D2BCC20328F7317000CBFEC4 /* HerosResponse.swift */; };
		D2BCC20628F7317000CBFEC4 /* HerosResponse.swift in Sources */ = {isa = PBXBuildFile; fileRef = D2BCC20328F7317000CBFEC4 /* HerosResponse.swift */; };
		D2BCC20828F746B100CBFEC4 /* HerosRowView.swift in Sources */ = {isa = PBXBuildFile; fileRef = D2BCC20728F746B100CBFEC4 /* HerosRowView.swift */; };
		D2BCC20928F746B100CBFEC4 /* HerosRowView.swift in Sources */ = {isa = PBXBuildFile; fileRef = D2BCC20728F746B100CBFEC4 /* HerosRowView.swift */; };
		D2BCC20A28F746B100CBFEC4 /* HerosRowView.swift in Sources */ = {isa = PBXBuildFile; fileRef = D2BCC20728F746B100CBFEC4 /* HerosRowView.swift */; };
		D2CB45AF28FC2D950066CCC1 /* SeriesRootView.swift in Sources */ = {isa = PBXBuildFile; fileRef = D2CB45AE28FC2D950066CCC1 /* SeriesRootView.swift */; };
		D2CB45B128FC5CB10066CCC1 /* ErrorHerosView.swift in Sources */ = {isa = PBXBuildFile; fileRef = D2CB45B028FC5CB10066CCC1 /* ErrorHerosView.swift */; };
		D2CB45B328FC636A0066CCC1 /* ErrorSeriesView.swift in Sources */ = {isa = PBXBuildFile; fileRef = D2CB45B228FC636A0066CCC1 /* ErrorSeriesView.swift */; };
/* End PBXBuildFile section */

/* Begin PBXContainerItemProxy section */
		D205CE1228F6D581001EADC6 /* PBXContainerItemProxy */ = {
			isa = PBXContainerItemProxy;
			containerPortal = D205CDF328F6D580001EADC6 /* Project object */;
			proxyType = 1;
			remoteGlobalIDString = D205CDFA28F6D580001EADC6;
			remoteInfo = MarvelApp;
		};
		D205CE1C28F6D581001EADC6 /* PBXContainerItemProxy */ = {
			isa = PBXContainerItemProxy;
			containerPortal = D205CDF328F6D580001EADC6 /* Project object */;
			proxyType = 1;
			remoteGlobalIDString = D205CDFA28F6D580001EADC6;
			remoteInfo = MarvelApp;
		};
/* End PBXContainerItemProxy section */

/* Begin PBXFileReference section */
		D205CDFB28F6D580001EADC6 /* MarvelApp.app */ = {isa = PBXFileReference; explicitFileType = wrapper.application; includeInIndex = 0; path = MarvelApp.app; sourceTree = BUILT_PRODUCTS_DIR; };
		D205CDFE28F6D580001EADC6 /* MarvelApp.swift */ = {isa = PBXFileReference; lastKnownFileType = sourcecode.swift; path = MarvelApp.swift; sourceTree = "<group>"; };
		D205CE0028F6D580001EADC6 /* Persistence.swift */ = {isa = PBXFileReference; lastKnownFileType = sourcecode.swift; path = Persistence.swift; sourceTree = "<group>"; };
		D205CE0328F6D580001EADC6 /* MarvelApp.xcdatamodel */ = {isa = PBXFileReference; lastKnownFileType = wrapper.xcdatamodel; path = MarvelApp.xcdatamodel; sourceTree = "<group>"; };
		D205CE0528F6D580001EADC6 /* RootView.swift */ = {isa = PBXFileReference; lastKnownFileType = sourcecode.swift; path = RootView.swift; sourceTree = "<group>"; };
		D205CE0728F6D581001EADC6 /* Assets.xcassets */ = {isa = PBXFileReference; lastKnownFileType = folder.assetcatalog; path = Assets.xcassets; sourceTree = "<group>"; };
		D205CE0928F6D581001EADC6 /* MarvelApp.entitlements */ = {isa = PBXFileReference; lastKnownFileType = text.plist.entitlements; path = MarvelApp.entitlements; sourceTree = "<group>"; };
		D205CE0B28F6D581001EADC6 /* Preview Assets.xcassets */ = {isa = PBXFileReference; lastKnownFileType = folder.assetcatalog; path = "Preview Assets.xcassets"; sourceTree = "<group>"; };
		D205CE1128F6D581001EADC6 /* MarvelAppTests.xctest */ = {isa = PBXFileReference; explicitFileType = wrapper.cfbundle; includeInIndex = 0; path = MarvelAppTests.xctest; sourceTree = BUILT_PRODUCTS_DIR; };
		D205CE1528F6D581001EADC6 /* MarvelAppTests.swift */ = {isa = PBXFileReference; lastKnownFileType = sourcecode.swift; path = MarvelAppTests.swift; sourceTree = "<group>"; };
		D205CE1B28F6D581001EADC6 /* MarvelAppUITests.xctest */ = {isa = PBXFileReference; explicitFileType = wrapper.cfbundle; includeInIndex = 0; path = MarvelAppUITests.xctest; sourceTree = BUILT_PRODUCTS_DIR; };
		D205CE1F28F6D581001EADC6 /* MarvelAppUITests.swift */ = {isa = PBXFileReference; lastKnownFileType = sourcecode.swift; path = MarvelAppUITests.swift; sourceTree = "<group>"; };
		D205CE2128F6D581001EADC6 /* MarvelAppUITestsLaunchTests.swift */ = {isa = PBXFileReference; lastKnownFileType = sourcecode.swift; path = MarvelAppUITestsLaunchTests.swift; sourceTree = "<group>"; };
		D212A83A28FACE72008F0106 /* BaseNetwork.swift */ = {isa = PBXFileReference; lastKnownFileType = sourcecode.swift; path = BaseNetwork.swift; sourceTree = "<group>"; };
		D212A83D28FAF28A008F0106 /* SeriesResponse.swift */ = {isa = PBXFileReference; lastKnownFileType = sourcecode.swift; path = SeriesResponse.swift; sourceTree = "<group>"; };
		D212A83F28FB15A8008F0106 /* SeriesView.swift */ = {isa = PBXFileReference; lastKnownFileType = sourcecode.swift; path = SeriesView.swift; sourceTree = "<group>"; };
		D212A84128FB1C87008F0106 /* SeriesRowView.swift */ = {isa = PBXFileReference; lastKnownFileType = sourcecode.swift; path = SeriesRowView.swift; sourceTree = "<group>"; };
		D212A84328FB1D42008F0106 /* Thumbnail.swift */ = {isa = PBXFileReference; lastKnownFileType = sourcecode.swift; path = Thumbnail.swift; sourceTree = "<group>"; };
		D2BCC1E528F7288700CBFEC4 /* RootViewModel.swift */ = {isa = PBXFileReference; lastKnownFileType = sourcecode.swift; path = RootViewModel.swift; sourceTree = "<group>"; };
		D2BCC1E728F7292000CBFEC4 /* StatusModel.swift */ = {isa = PBXFileReference; lastKnownFileType = sourcecode.swift; path = StatusModel.swift; sourceTree = "<group>"; };
		D2BCC1F628F72C0C00CBFEC4 /* LoaderView.swift */ = {isa = PBXFileReference; lastKnownFileType = sourcecode.swift; path = LoaderView.swift; sourceTree = "<group>"; };
		D2BCC1FB28F72FA200CBFEC4 /* HerosView.swift */ = {isa = PBXFileReference; lastKnownFileType = sourcecode.swift; path = HerosView.swift; sourceTree = "<group>"; };
		D2BCC1FF28F7300F00CBFEC4 /* SeriesViewModel.swift */ = {isa = PBXFileReference; lastKnownFileType = sourcecode.swift; path = SeriesViewModel.swift; sourceTree = "<group>"; };
		D2BCC20328F7317000CBFEC4 /* HerosResponse.swift */ = {isa = PBXFileReference; lastKnownFileType = sourcecode.swift; path = HerosResponse.swift; sourceTree = "<group>"; };
		D2BCC20728F746B100CBFEC4 /* HerosRowView.swift */ = {isa = PBXFileReference; lastKnownFileType = sourcecode.swift; path = HerosRowView.swift; sourceTree = "<group>"; };
		D2BCC20B28F748F800CBFEC4 /* Info.plist */ = {isa = PBXFileReference; lastKnownFileType = text.plist; path = Info.plist; sourceTree = "<group>"; };
		D2CB45AE28FC2D950066CCC1 /* SeriesRootView.swift */ = {isa = PBXFileReference; lastKnownFileType = sourcecode.swift; path = SeriesRootView.swift; sourceTree = "<group>"; };
		D2CB45B028FC5CB10066CCC1 /* ErrorHerosView.swift */ = {isa = PBXFileReference; lastKnownFileType = sourcecode.swift; path = ErrorHerosView.swift; sourceTree = "<group>"; };
		D2CB45B228FC636A0066CCC1 /* ErrorSeriesView.swift */ = {isa = PBXFileReference; lastKnownFileType = sourcecode.swift; path = ErrorSeriesView.swift; sourceTree = "<group>"; };
/* End PBXFileReference section */

/* Begin PBXFrameworksBuildPhase section */
		D205CDF828F6D580001EADC6 /* Frameworks */ = {
			isa = PBXFrameworksBuildPhase;
			buildActionMask = 2147483647;
			files = (
			);
			runOnlyForDeploymentPostprocessing = 0;
		};
		D205CE0E28F6D581001EADC6 /* Frameworks */ = {
			isa = PBXFrameworksBuildPhase;
			buildActionMask = 2147483647;
			files = (
			);
			runOnlyForDeploymentPostprocessing = 0;
		};
		D205CE1828F6D581001EADC6 /* Frameworks */ = {
			isa = PBXFrameworksBuildPhase;
			buildActionMask = 2147483647;
			files = (
			);
			runOnlyForDeploymentPostprocessing = 0;
		};
/* End PBXFrameworksBuildPhase section */

/* Begin PBXGroup section */
		D205CDF228F6D580001EADC6 = {
			isa = PBXGroup;
			children = (
				D205CDFD28F6D580001EADC6 /* MarvelApp */,
				D205CE1428F6D581001EADC6 /* MarvelAppTests */,
				D205CE1E28F6D581001EADC6 /* MarvelAppUITests */,
				D205CDFC28F6D580001EADC6 /* Products */,
			);
			sourceTree = "<group>";
		};
		D205CDFC28F6D580001EADC6 /* Products */ = {
			isa = PBXGroup;
			children = (
				D205CDFB28F6D580001EADC6 /* MarvelApp.app */,
				D205CE1128F6D581001EADC6 /* MarvelAppTests.xctest */,
				D205CE1B28F6D581001EADC6 /* MarvelAppUITests.xctest */,
			);
			name = Products;
			sourceTree = "<group>";
		};
		D205CDFD28F6D580001EADC6 /* MarvelApp */ = {
			isa = PBXGroup;
			children = (
				D205CDFE28F6D580001EADC6 /* MarvelApp.swift */,
				D205CE0028F6D580001EADC6 /* Persistence.swift */,
				D2BCC20B28F748F800CBFEC4 /* Info.plist */,
				D212A83928FACCF1008F0106 /* Services */,
				D2BCC1E228F71C9D00CBFEC4 /* Models */,
				D2BCC1E328F71CA700CBFEC4 /* Views */,
				D2BCC1E428F71CB800CBFEC4 /* ViewModels */,
				D205CE0728F6D581001EADC6 /* Assets.xcassets */,
				D205CE0928F6D581001EADC6 /* MarvelApp.entitlements */,
				D205CE0228F6D580001EADC6 /* MarvelApp.xcdatamodeld */,
				D205CE0A28F6D581001EADC6 /* Preview Content */,
			);
			path = MarvelApp;
			sourceTree = "<group>";
		};
		D205CE0A28F6D581001EADC6 /* Preview Content */ = {
			isa = PBXGroup;
			children = (
				D205CE0B28F6D581001EADC6 /* Preview Assets.xcassets */,
			);
			path = "Preview Content";
			sourceTree = "<group>";
		};
		D205CE1428F6D581001EADC6 /* MarvelAppTests */ = {
			isa = PBXGroup;
			children = (
				D205CE1528F6D581001EADC6 /* MarvelAppTests.swift */,
			);
			path = MarvelAppTests;
			sourceTree = "<group>";
		};
		D205CE1E28F6D581001EADC6 /* MarvelAppUITests */ = {
			isa = PBXGroup;
			children = (
				D205CE1F28F6D581001EADC6 /* MarvelAppUITests.swift */,
				D205CE2128F6D581001EADC6 /* MarvelAppUITestsLaunchTests.swift */,
			);
			path = MarvelAppUITests;
			sourceTree = "<group>";
		};
		D212A83928FACCF1008F0106 /* Services */ = {
			isa = PBXGroup;
			children = (
				D212A83A28FACE72008F0106 /* BaseNetwork.swift */,
			);
			path = Services;
			sourceTree = "<group>";
		};
		D212A83C28FAEF9F008F0106 /* Series */ = {
			isa = PBXGroup;
			children = (
				D2CB45AE28FC2D950066CCC1 /* SeriesRootView.swift */,
				D212A83F28FB15A8008F0106 /* SeriesView.swift */,
				D212A84128FB1C87008F0106 /* SeriesRowView.swift */,
			);
			path = Series;
			sourceTree = "<group>";
		};
		D2BCC1E228F71C9D00CBFEC4 /* Models */ = {
			isa = PBXGroup;
			children = (
				D2BCC1E728F7292000CBFEC4 /* StatusModel.swift */,
				D2BCC20328F7317000CBFEC4 /* HerosResponse.swift */,
				D212A83D28FAF28A008F0106 /* SeriesResponse.swift */,
				D212A84328FB1D42008F0106 /* Thumbnail.swift */,
			);
			path = Models;
			sourceTree = "<group>";
		};
		D2BCC1E328F71CA700CBFEC4 /* Views */ = {
			isa = PBXGroup;
			children = (
				D212A83C28FAEF9F008F0106 /* Series */,
				D2BCC1FA28F72F8900CBFEC4 /* Heros */,
				D2BCC1E928F72A6A00CBFEC4 /* Tools */,
				D205CE0528F6D580001EADC6 /* RootView.swift */,
			);
			path = Views;
			sourceTree = "<group>";
		};
		D2BCC1E428F71CB800CBFEC4 /* ViewModels */ = {
			isa = PBXGroup;
			children = (
				D2BCC1E528F7288700CBFEC4 /* RootViewModel.swift */,
				D2BCC1FF28F7300F00CBFEC4 /* SeriesViewModel.swift */,
			);
			path = ViewModels;
			sourceTree = "<group>";
		};
		D2BCC1E928F72A6A00CBFEC4 /* Tools */ = {
			isa = PBXGroup;
			children = (
				D2BCC1F628F72C0C00CBFEC4 /* LoaderView.swift */,
				D2CB45B028FC5CB10066CCC1 /* ErrorHerosView.swift */,
				D2CB45B228FC636A0066CCC1 /* ErrorSeriesView.swift */,
			);
			path = Tools;
			sourceTree = "<group>";
		};
		D2BCC1FA28F72F8900CBFEC4 /* Heros */ = {
			isa = PBXGroup;
			children = (
				D2BCC1FB28F72FA200CBFEC4 /* HerosView.swift */,
				D2BCC20728F746B100CBFEC4 /* HerosRowView.swift */,
			);
			path = Heros;
			sourceTree = "<group>";
		};
/* End PBXGroup section */

/* Begin PBXNativeTarget section */
		D205CDFA28F6D580001EADC6 /* MarvelApp */ = {
			isa = PBXNativeTarget;
			buildConfigurationList = D205CE2528F6D581001EADC6 /* Build configuration list for PBXNativeTarget "MarvelApp" */;
			buildPhases = (
				D205CDF728F6D580001EADC6 /* Sources */,
				D205CDF828F6D580001EADC6 /* Frameworks */,
				D205CDF928F6D580001EADC6 /* Resources */,
			);
			buildRules = (
			);
			dependencies = (
			);
			name = MarvelApp;
			productName = MarvelApp;
			productReference = D205CDFB28F6D580001EADC6 /* MarvelApp.app */;
			productType = "com.apple.product-type.application";
		};
		D205CE1028F6D581001EADC6 /* MarvelAppTests */ = {
			isa = PBXNativeTarget;
			buildConfigurationList = D205CE2828F6D581001EADC6 /* Build configuration list for PBXNativeTarget "MarvelAppTests" */;
			buildPhases = (
				D205CE0D28F6D581001EADC6 /* Sources */,
				D205CE0E28F6D581001EADC6 /* Frameworks */,
				D205CE0F28F6D581001EADC6 /* Resources */,
			);
			buildRules = (
			);
			dependencies = (
				D205CE1328F6D581001EADC6 /* PBXTargetDependency */,
			);
			name = MarvelAppTests;
			productName = MarvelAppTests;
			productReference = D205CE1128F6D581001EADC6 /* MarvelAppTests.xctest */;
			productType = "com.apple.product-type.bundle.unit-test";
		};
		D205CE1A28F6D581001EADC6 /* MarvelAppUITests */ = {
			isa = PBXNativeTarget;
			buildConfigurationList = D205CE2B28F6D581001EADC6 /* Build configuration list for PBXNativeTarget "MarvelAppUITests" */;
			buildPhases = (
				D205CE1728F6D581001EADC6 /* Sources */,
				D205CE1828F6D581001EADC6 /* Frameworks */,
				D205CE1928F6D581001EADC6 /* Resources */,
			);
			buildRules = (
			);
			dependencies = (
				D205CE1D28F6D581001EADC6 /* PBXTargetDependency */,
			);
			name = MarvelAppUITests;
			productName = MarvelAppUITests;
			productReference = D205CE1B28F6D581001EADC6 /* MarvelAppUITests.xctest */;
			productType = "com.apple.product-type.bundle.ui-testing";
		};
/* End PBXNativeTarget section */

/* Begin PBXProject section */
		D205CDF328F6D580001EADC6 /* Project object */ = {
			isa = PBXProject;
			attributes = {
				BuildIndependentTargetsInParallel = 1;
				LastSwiftUpdateCheck = 1410;
				LastUpgradeCheck = 1410;
				TargetAttributes = {
					D205CDFA28F6D580001EADC6 = {
						CreatedOnToolsVersion = 14.1;
					};
					D205CE1028F6D581001EADC6 = {
						CreatedOnToolsVersion = 14.1;
						TestTargetID = D205CDFA28F6D580001EADC6;
					};
					D205CE1A28F6D581001EADC6 = {
						CreatedOnToolsVersion = 14.1;
						TestTargetID = D205CDFA28F6D580001EADC6;
					};
				};
			};
			buildConfigurationList = D205CDF628F6D580001EADC6 /* Build configuration list for PBXProject "MarvelApp" */;
			compatibilityVersion = "Xcode 14.0";
			developmentRegion = en;
			hasScannedForEncodings = 0;
			knownRegions = (
				en,
				Base,
			);
			mainGroup = D205CDF228F6D580001EADC6;
			productRefGroup = D205CDFC28F6D580001EADC6 /* Products */;
			projectDirPath = "";
			projectRoot = "";
			targets = (
				D205CDFA28F6D580001EADC6 /* MarvelApp */,
				D205CE1028F6D581001EADC6 /* MarvelAppTests */,
				D205CE1A28F6D581001EADC6 /* MarvelAppUITests */,
			);
		};
/* End PBXProject section */

/* Begin PBXResourcesBuildPhase section */
		D205CDF928F6D580001EADC6 /* Resources */ = {
			isa = PBXResourcesBuildPhase;
			buildActionMask = 2147483647;
			files = (
				D205CE0C28F6D581001EADC6 /* Preview Assets.xcassets in Resources */,
				D205CE0828F6D581001EADC6 /* Assets.xcassets in Resources */,
			);
			runOnlyForDeploymentPostprocessing = 0;
		};
		D205CE0F28F6D581001EADC6 /* Resources */ = {
			isa = PBXResourcesBuildPhase;
			buildActionMask = 2147483647;
			files = (
			);
			runOnlyForDeploymentPostprocessing = 0;
		};
		D205CE1928F6D581001EADC6 /* Resources */ = {
			isa = PBXResourcesBuildPhase;
			buildActionMask = 2147483647;
			files = (
			);
			runOnlyForDeploymentPostprocessing = 0;
		};
/* End PBXResourcesBuildPhase section */

/* Begin PBXSourcesBuildPhase section */
		D205CDF728F6D580001EADC6 /* Sources */ = {
			isa = PBXSourcesBuildPhase;
			buildActionMask = 2147483647;
			files = (
				D2BCC1E628F7288700CBFEC4 /* RootViewModel.swift in Sources */,
				D205CE0428F6D580001EADC6 /* MarvelApp.xcdatamodeld in Sources */,
				D2CB45AF28FC2D950066CCC1 /* SeriesRootView.swift in Sources */,
				D205CDFF28F6D580001EADC6 /* MarvelApp.swift in Sources */,
				D2BCC20428F7317000CBFEC4 /* HerosResponse.swift in Sources */,
				D2BCC1F728F72C0C00CBFEC4 /* LoaderView.swift in Sources */,
				D2BCC20028F7300F00CBFEC4 /* SeriesViewModel.swift in Sources */,
				D2CB45B128FC5CB10066CCC1 /* ErrorHerosView.swift in Sources */,
				D212A83E28FAF28A008F0106 /* SeriesResponse.swift in Sources */,
				D2BCC20828F746B100CBFEC4 /* HerosRowView.swift in Sources */,
				D2BCC1E828F7292000CBFEC4 /* StatusModel.swift in Sources */,
				D205CE0628F6D580001EADC6 /* RootView.swift in Sources */,
				D212A83B28FACE72008F0106 /* BaseNetwork.swift in Sources */,
				D212A84228FB1C87008F0106 /* SeriesRowView.swift in Sources */,
				D2CB45B328FC636A0066CCC1 /* ErrorSeriesView.swift in Sources */,
				D2BCC1FC28F72FA200CBFEC4 /* HerosView.swift in Sources */,
				D205CE0128F6D580001EADC6 /* Persistence.swift in Sources */,
				D212A84428FB1D42008F0106 /* Thumbnail.swift in Sources */,
				D212A84028FB15A8008F0106 /* SeriesView.swift in Sources */,
			);
			runOnlyForDeploymentPostprocessing = 0;
		};
		D205CE0D28F6D581001EADC6 /* Sources */ = {
			isa = PBXSourcesBuildPhase;
			buildActionMask = 2147483647;
			files = (
				D2BCC20128F7300F00CBFEC4 /* SeriesViewModel.swift in Sources */,
				D205CE1628F6D581001EADC6 /* MarvelAppTests.swift in Sources */,
				D2BCC1EE28F72AC400CBFEC4 /* RootView.swift in Sources */,
				D2BCC20928F746B100CBFEC4 /* HerosRowView.swift in Sources */,
				D2BCC20528F7317000CBFEC4 /* HerosResponse.swift in Sources */,
				D2BCC1FD28F72FA200CBFEC4 /* HerosView.swift in Sources */,
				D2BCC1F828F72C0C00CBFEC4 /* LoaderView.swift in Sources */,
			);
			runOnlyForDeploymentPostprocessing = 0;
		};
		D205CE1728F6D581001EADC6 /* Sources */ = {
			isa = PBXSourcesBuildPhase;
			buildActionMask = 2147483647;
			files = (
				D2BCC1EF28F72AC400CBFEC4 /* RootView.swift in Sources */,
				D2BCC20A28F746B100CBFEC4 /* HerosRowView.swift in Sources */,
				D2BCC1FE28F72FA200CBFEC4 /* HerosView.swift in Sources */,
				D2BCC1F928F72C0C00CBFEC4 /* LoaderView.swift in Sources */,
				D205CE2028F6D581001EADC6 /* MarvelAppUITests.swift in Sources */,
				D2BCC20628F7317000CBFEC4 /* HerosResponse.swift in Sources */,
				D2BCC20228F7300F00CBFEC4 /* SeriesViewModel.swift in Sources */,
				D205CE2228F6D581001EADC6 /* MarvelAppUITestsLaunchTests.swift in Sources */,
			);
			runOnlyForDeploymentPostprocessing = 0;
		};
/* End PBXSourcesBuildPhase section */

/* Begin PBXTargetDependency section */
		D205CE1328F6D581001EADC6 /* PBXTargetDependency */ = {
			isa = PBXTargetDependency;
			target = D205CDFA28F6D580001EADC6 /* MarvelApp */;
			targetProxy = D205CE1228F6D581001EADC6 /* PBXContainerItemProxy */;
		};
		D205CE1D28F6D581001EADC6 /* PBXTargetDependency */ = {
			isa = PBXTargetDependency;
			target = D205CDFA28F6D580001EADC6 /* MarvelApp */;
			targetProxy = D205CE1C28F6D581001EADC6 /* PBXContainerItemProxy */;
		};
/* End PBXTargetDependency section */

/* Begin XCBuildConfiguration section */
		D205CE2328F6D581001EADC6 /* Debug */ = {
			isa = XCBuildConfiguration;
			buildSettings = {
				ALWAYS_SEARCH_USER_PATHS = NO;
				CLANG_ANALYZER_NONNULL = YES;
				CLANG_ANALYZER_NUMBER_OBJECT_CONVERSION = YES_AGGRESSIVE;
				CLANG_CXX_LANGUAGE_STANDARD = "gnu++20";
				CLANG_ENABLE_MODULES = YES;
				CLANG_ENABLE_OBJC_ARC = YES;
				CLANG_ENABLE_OBJC_WEAK = YES;
				CLANG_WARN_BLOCK_CAPTURE_AUTORELEASING = YES;
				CLANG_WARN_BOOL_CONVERSION = YES;
				CLANG_WARN_COMMA = YES;
				CLANG_WARN_CONSTANT_CONVERSION = YES;
				CLANG_WARN_DEPRECATED_OBJC_IMPLEMENTATIONS = YES;
				CLANG_WARN_DIRECT_OBJC_ISA_USAGE = YES_ERROR;
				CLANG_WARN_DOCUMENTATION_COMMENTS = YES;
				CLANG_WARN_EMPTY_BODY = YES;
				CLANG_WARN_ENUM_CONVERSION = YES;
				CLANG_WARN_INFINITE_RECURSION = YES;
				CLANG_WARN_INT_CONVERSION = YES;
				CLANG_WARN_NON_LITERAL_NULL_CONVERSION = YES;
				CLANG_WARN_OBJC_IMPLICIT_RETAIN_SELF = YES;
				CLANG_WARN_OBJC_LITERAL_CONVERSION = YES;
				CLANG_WARN_OBJC_ROOT_CLASS = YES_ERROR;
				CLANG_WARN_QUOTED_INCLUDE_IN_FRAMEWORK_HEADER = YES;
				CLANG_WARN_RANGE_LOOP_ANALYSIS = YES;
				CLANG_WARN_STRICT_PROTOTYPES = YES;
				CLANG_WARN_SUSPICIOUS_MOVE = YES;
				CLANG_WARN_UNGUARDED_AVAILABILITY = YES_AGGRESSIVE;
				CLANG_WARN_UNREACHABLE_CODE = YES;
				CLANG_WARN__DUPLICATE_METHOD_MATCH = YES;
				COPY_PHASE_STRIP = NO;
				DEBUG_INFORMATION_FORMAT = dwarf;
				ENABLE_STRICT_OBJC_MSGSEND = YES;
				ENABLE_TESTABILITY = YES;
				GCC_C_LANGUAGE_STANDARD = gnu11;
				GCC_DYNAMIC_NO_PIC = NO;
				GCC_NO_COMMON_BLOCKS = YES;
				GCC_OPTIMIZATION_LEVEL = 0;
				GCC_PREPROCESSOR_DEFINITIONS = (
					"DEBUG=1",
					"$(inherited)",
				);
				GCC_WARN_64_TO_32_BIT_CONVERSION = YES;
				GCC_WARN_ABOUT_RETURN_TYPE = YES_ERROR;
				GCC_WARN_UNDECLARED_SELECTOR = YES;
				GCC_WARN_UNINITIALIZED_AUTOS = YES_AGGRESSIVE;
				GCC_WARN_UNUSED_FUNCTION = YES;
				GCC_WARN_UNUSED_VARIABLE = YES;
				MTL_ENABLE_DEBUG_INFO = INCLUDE_SOURCE;
				MTL_FAST_MATH = YES;
				ONLY_ACTIVE_ARCH = YES;
				SWIFT_ACTIVE_COMPILATION_CONDITIONS = DEBUG;
				SWIFT_OPTIMIZATION_LEVEL = "-Onone";
			};
			name = Debug;
		};
		D205CE2428F6D581001EADC6 /* Release */ = {
			isa = XCBuildConfiguration;
			buildSettings = {
				ALWAYS_SEARCH_USER_PATHS = NO;
				CLANG_ANALYZER_NONNULL = YES;
				CLANG_ANALYZER_NUMBER_OBJECT_CONVERSION = YES_AGGRESSIVE;
				CLANG_CXX_LANGUAGE_STANDARD = "gnu++20";
				CLANG_ENABLE_MODULES = YES;
				CLANG_ENABLE_OBJC_ARC = YES;
				CLANG_ENABLE_OBJC_WEAK = YES;
				CLANG_WARN_BLOCK_CAPTURE_AUTORELEASING = YES;
				CLANG_WARN_BOOL_CONVERSION = YES;
				CLANG_WARN_COMMA = YES;
				CLANG_WARN_CONSTANT_CONVERSION = YES;
				CLANG_WARN_DEPRECATED_OBJC_IMPLEMENTATIONS = YES;
				CLANG_WARN_DIRECT_OBJC_ISA_USAGE = YES_ERROR;
				CLANG_WARN_DOCUMENTATION_COMMENTS = YES;
				CLANG_WARN_EMPTY_BODY = YES;
				CLANG_WARN_ENUM_CONVERSION = YES;
				CLANG_WARN_INFINITE_RECURSION = YES;
				CLANG_WARN_INT_CONVERSION = YES;
				CLANG_WARN_NON_LITERAL_NULL_CONVERSION = YES;
				CLANG_WARN_OBJC_IMPLICIT_RETAIN_SELF = YES;
				CLANG_WARN_OBJC_LITERAL_CONVERSION = YES;
				CLANG_WARN_OBJC_ROOT_CLASS = YES_ERROR;
				CLANG_WARN_QUOTED_INCLUDE_IN_FRAMEWORK_HEADER = YES;
				CLANG_WARN_RANGE_LOOP_ANALYSIS = YES;
				CLANG_WARN_STRICT_PROTOTYPES = YES;
				CLANG_WARN_SUSPICIOUS_MOVE = YES;
				CLANG_WARN_UNGUARDED_AVAILABILITY = YES_AGGRESSIVE;
				CLANG_WARN_UNREACHABLE_CODE = YES;
				CLANG_WARN__DUPLICATE_METHOD_MATCH = YES;
				COPY_PHASE_STRIP = NO;
				DEBUG_INFORMATION_FORMAT = "dwarf-with-dsym";
				ENABLE_NS_ASSERTIONS = NO;
				ENABLE_STRICT_OBJC_MSGSEND = YES;
				GCC_C_LANGUAGE_STANDARD = gnu11;
				GCC_NO_COMMON_BLOCKS = YES;
				GCC_WARN_64_TO_32_BIT_CONVERSION = YES;
				GCC_WARN_ABOUT_RETURN_TYPE = YES_ERROR;
				GCC_WARN_UNDECLARED_SELECTOR = YES;
				GCC_WARN_UNINITIALIZED_AUTOS = YES_AGGRESSIVE;
				GCC_WARN_UNUSED_FUNCTION = YES;
				GCC_WARN_UNUSED_VARIABLE = YES;
				MTL_ENABLE_DEBUG_INFO = NO;
				MTL_FAST_MATH = YES;
				SWIFT_COMPILATION_MODE = wholemodule;
				SWIFT_OPTIMIZATION_LEVEL = "-O";
			};
			name = Release;
		};
		D205CE2628F6D581001EADC6 /* Debug */ = {
			isa = XCBuildConfiguration;
			buildSettings = {
				ASSETCATALOG_COMPILER_APPICON_NAME = AppIcon;
				ASSETCATALOG_COMPILER_GLOBAL_ACCENT_COLOR_NAME = AccentColor;
				CODE_SIGN_ENTITLEMENTS = MarvelApp/MarvelApp.entitlements;
				CODE_SIGN_STYLE = Automatic;
				CURRENT_PROJECT_VERSION = 1;
				DEVELOPMENT_ASSET_PATHS = "\"MarvelApp/Preview Content\"";
				ENABLE_PREVIEWS = YES;
				GENERATE_INFOPLIST_FILE = YES;
				INFOPLIST_FILE = MarvelApp/Info.plist;
				"INFOPLIST_KEY_UIApplicationSceneManifest_Generation[sdk=iphoneos*]" = YES;
				"INFOPLIST_KEY_UIApplicationSceneManifest_Generation[sdk=iphonesimulator*]" = YES;
				"INFOPLIST_KEY_UIApplicationSupportsIndirectInputEvents[sdk=iphoneos*]" = YES;
				"INFOPLIST_KEY_UIApplicationSupportsIndirectInputEvents[sdk=iphonesimulator*]" = YES;
				"INFOPLIST_KEY_UILaunchScreen_Generation[sdk=iphoneos*]" = YES;
				"INFOPLIST_KEY_UILaunchScreen_Generation[sdk=iphonesimulator*]" = YES;
				"INFOPLIST_KEY_UIStatusBarStyle[sdk=iphoneos*]" = UIStatusBarStyleDefault;
				"INFOPLIST_KEY_UIStatusBarStyle[sdk=iphonesimulator*]" = UIStatusBarStyleDefault;
				INFOPLIST_KEY_UISupportedInterfaceOrientations_iPad = "UIInterfaceOrientationPortrait UIInterfaceOrientationPortraitUpsideDown UIInterfaceOrientationLandscapeLeft UIInterfaceOrientationLandscapeRight";
				INFOPLIST_KEY_UISupportedInterfaceOrientations_iPhone = "UIInterfaceOrientationPortrait UIInterfaceOrientationLandscapeLeft UIInterfaceOrientationLandscapeRight";
				IPHONEOS_DEPLOYMENT_TARGET = 16.1;
				LD_RUNPATH_SEARCH_PATHS = "@executable_path/Frameworks";
				"LD_RUNPATH_SEARCH_PATHS[sdk=macosx*]" = "@executable_path/../Frameworks";
				MACOSX_DEPLOYMENT_TARGET = 12.6;
				MARKETING_VERSION = 1.0;
				PRODUCT_BUNDLE_IDENTIFIER = com.example.MarvelApp;
				PRODUCT_NAME = "$(TARGET_NAME)";
				SDKROOT = auto;
				SUPPORTED_PLATFORMS = "iphoneos iphonesimulator macosx";
				SWIFT_EMIT_LOC_STRINGS = YES;
				SWIFT_VERSION = 5.0;
				TARGETED_DEVICE_FAMILY = "1,2";
			};
			name = Debug;
		};
		D205CE2728F6D581001EADC6 /* Release */ = {
			isa = XCBuildConfiguration;
			buildSettings = {
				ASSETCATALOG_COMPILER_APPICON_NAME = AppIcon;
				ASSETCATALOG_COMPILER_GLOBAL_ACCENT_COLOR_NAME = AccentColor;
				CODE_SIGN_ENTITLEMENTS = MarvelApp/MarvelApp.entitlements;
				CODE_SIGN_STYLE = Automatic;
				CURRENT_PROJECT_VERSION = 1;
				DEVELOPMENT_ASSET_PATHS = "\"MarvelApp/Preview Content\"";
				ENABLE_PREVIEWS = YES;
				GENERATE_INFOPLIST_FILE = YES;
				INFOPLIST_FILE = MarvelApp/Info.plist;
				"INFOPLIST_KEY_UIApplicationSceneManifest_Generation[sdk=iphoneos*]" = YES;
				"INFOPLIST_KEY_UIApplicationSceneManifest_Generation[sdk=iphonesimulator*]" = YES;
				"INFOPLIST_KEY_UIApplicationSupportsIndirectInputEvents[sdk=iphoneos*]" = YES;
				"INFOPLIST_KEY_UIApplicationSupportsIndirectInputEvents[sdk=iphonesimulator*]" = YES;
				"INFOPLIST_KEY_UILaunchScreen_Generation[sdk=iphoneos*]" = YES;
				"INFOPLIST_KEY_UILaunchScreen_Generation[sdk=iphonesimulator*]" = YES;
				"INFOPLIST_KEY_UIStatusBarStyle[sdk=iphoneos*]" = UIStatusBarStyleDefault;
				"INFOPLIST_KEY_UIStatusBarStyle[sdk=iphonesimulator*]" = UIStatusBarStyleDefault;
				INFOPLIST_KEY_UISupportedInterfaceOrientations_iPad = "UIInterfaceOrientationPortrait UIInterfaceOrientationPortraitUpsideDown UIInterfaceOrientationLandscapeLeft UIInterfaceOrientationLandscapeRight";
				INFOPLIST_KEY_UISupportedInterfaceOrientations_iPhone = "UIInterfaceOrientationPortrait UIInterfaceOrientationLandscapeLeft UIInterfaceOrientationLandscapeRight";
				IPHONEOS_DEPLOYMENT_TARGET = 16.1;
				LD_RUNPATH_SEARCH_PATHS = "@executable_path/Frameworks";
				"LD_RUNPATH_SEARCH_PATHS[sdk=macosx*]" = "@executable_path/../Frameworks";
				MACOSX_DEPLOYMENT_TARGET = 12.6;
				MARKETING_VERSION = 1.0;
				PRODUCT_BUNDLE_IDENTIFIER = com.example.MarvelApp;
				PRODUCT_NAME = "$(TARGET_NAME)";
				SDKROOT = auto;
				SUPPORTED_PLATFORMS = "iphoneos iphonesimulator macosx";
				SWIFT_EMIT_LOC_STRINGS = YES;
				SWIFT_VERSION = 5.0;
				TARGETED_DEVICE_FAMILY = "1,2";
			};
			name = Release;
		};
		D205CE2928F6D581001EADC6 /* Debug */ = {
			isa = XCBuildConfiguration;
			buildSettings = {
				ALWAYS_EMBED_SWIFT_STANDARD_LIBRARIES = YES;
				BUNDLE_LOADER = "$(TEST_HOST)";
				CODE_SIGN_STYLE = Automatic;
				CURRENT_PROJECT_VERSION = 1;
				GENERATE_INFOPLIST_FILE = YES;
				IPHONEOS_DEPLOYMENT_TARGET = 16.1;
				MACOSX_DEPLOYMENT_TARGET = 12.6;
				MARKETING_VERSION = 1.0;
				PRODUCT_BUNDLE_IDENTIFIER = com.example.MarvelAppTests;
				PRODUCT_NAME = "$(TARGET_NAME)";
				SDKROOT = auto;
				SUPPORTED_PLATFORMS = "iphoneos iphonesimulator macosx";
				SWIFT_EMIT_LOC_STRINGS = NO;
				SWIFT_VERSION = 5.0;
				TARGETED_DEVICE_FAMILY = "1,2";
				TEST_HOST = "$(BUILT_PRODUCTS_DIR)/MarvelApp.app/$(BUNDLE_EXECUTABLE_FOLDER_PATH)/MarvelApp";
			};
			name = Debug;
		};
		D205CE2A28F6D581001EADC6 /* Release */ = {
			isa = XCBuildConfiguration;
			buildSettings = {
				ALWAYS_EMBED_SWIFT_STANDARD_LIBRARIES = YES;
				BUNDLE_LOADER = "$(TEST_HOST)";
				CODE_SIGN_STYLE = Automatic;
				CURRENT_PROJECT_VERSION = 1;
				GENERATE_INFOPLIST_FILE = YES;
				IPHONEOS_DEPLOYMENT_TARGET = 16.1;
				MACOSX_DEPLOYMENT_TARGET = 12.6;
				MARKETING_VERSION = 1.0;
				PRODUCT_BUNDLE_IDENTIFIER = com.example.MarvelAppTests;
				PRODUCT_NAME = "$(TARGET_NAME)";
				SDKROOT = auto;
				SUPPORTED_PLATFORMS = "iphoneos iphonesimulator macosx";
				SWIFT_EMIT_LOC_STRINGS = NO;
				SWIFT_VERSION = 5.0;
				TARGETED_DEVICE_FAMILY = "1,2";
				TEST_HOST = "$(BUILT_PRODUCTS_DIR)/MarvelApp.app/$(BUNDLE_EXECUTABLE_FOLDER_PATH)/MarvelApp";
			};
			name = Release;
		};
		D205CE2C28F6D581001EADC6 /* Debug */ = {
			isa = XCBuildConfiguration;
			buildSettings = {
				ALWAYS_EMBED_SWIFT_STANDARD_LIBRARIES = YES;
				CODE_SIGN_STYLE = Automatic;
				CURRENT_PROJECT_VERSION = 1;
				GENERATE_INFOPLIST_FILE = YES;
				IPHONEOS_DEPLOYMENT_TARGET = 16.1;
				MACOSX_DEPLOYMENT_TARGET = 12.6;
				MARKETING_VERSION = 1.0;
				PRODUCT_BUNDLE_IDENTIFIER = com.example.MarvelAppUITests;
				PRODUCT_NAME = "$(TARGET_NAME)";
				SDKROOT = auto;
				SUPPORTED_PLATFORMS = "iphoneos iphonesimulator macosx";
				SWIFT_EMIT_LOC_STRINGS = NO;
				SWIFT_VERSION = 5.0;
				TARGETED_DEVICE_FAMILY = "1,2";
				TEST_TARGET_NAME = MarvelApp;
			};
			name = Debug;
		};
		D205CE2D28F6D581001EADC6 /* Release */ = {
			isa = XCBuildConfiguration;
			buildSettings = {
				ALWAYS_EMBED_SWIFT_STANDARD_LIBRARIES = YES;
				CODE_SIGN_STYLE = Automatic;
				CURRENT_PROJECT_VERSION = 1;
				GENERATE_INFOPLIST_FILE = YES;
				IPHONEOS_DEPLOYMENT_TARGET = 16.1;
				MACOSX_DEPLOYMENT_TARGET = 12.6;
				MARKETING_VERSION = 1.0;
				PRODUCT_BUNDLE_IDENTIFIER = com.example.MarvelAppUITests;
				PRODUCT_NAME = "$(TARGET_NAME)";
				SDKROOT = auto;
				SUPPORTED_PLATFORMS = "iphoneos iphonesimulator macosx";
				SWIFT_EMIT_LOC_STRINGS = NO;
				SWIFT_VERSION = 5.0;
				TARGETED_DEVICE_FAMILY = "1,2";
				TEST_TARGET_NAME = MarvelApp;
			};
			name = Release;
		};
/* End XCBuildConfiguration section */

/* Begin XCConfigurationList section */
		D205CDF628F6D580001EADC6 /* Build configuration list for PBXProject "MarvelApp" */ = {
			isa = XCConfigurationList;
			buildConfigurations = (
				D205CE2328F6D581001EADC6 /* Debug */,
				D205CE2428F6D581001EADC6 /* Release */,
			);
			defaultConfigurationIsVisible = 0;
			defaultConfigurationName = Release;
		};
		D205CE2528F6D581001EADC6 /* Build configuration list for PBXNativeTarget "MarvelApp" */ = {
			isa = XCConfigurationList;
			buildConfigurations = (
				D205CE2628F6D581001EADC6 /* Debug */,
				D205CE2728F6D581001EADC6 /* Release */,
			);
			defaultConfigurationIsVisible = 0;
			defaultConfigurationName = Release;
		};
		D205CE2828F6D581001EADC6 /* Build configuration list for PBXNativeTarget "MarvelAppTests" */ = {
			isa = XCConfigurationList;
			buildConfigurations = (
				D205CE2928F6D581001EADC6 /* Debug */,
				D205CE2A28F6D581001EADC6 /* Release */,
			);
			defaultConfigurationIsVisible = 0;
			defaultConfigurationName = Release;
		};
		D205CE2B28F6D581001EADC6 /* Build configuration list for PBXNativeTarget "MarvelAppUITests" */ = {
			isa = XCConfigurationList;
			buildConfigurations = (
				D205CE2C28F6D581001EADC6 /* Debug */,
				D205CE2D28F6D581001EADC6 /* Release */,
			);
			defaultConfigurationIsVisible = 0;
			defaultConfigurationName = Release;
		};
/* End XCConfigurationList section */

/* Begin XCVersionGroup section */
		D205CE0228F6D580001EADC6 /* MarvelApp.xcdatamodeld */ = {
			isa = XCVersionGroup;
			children = (
				D205CE0328F6D580001EADC6 /* MarvelApp.xcdatamodel */,
			);
			currentVersion = D205CE0328F6D580001EADC6 /* MarvelApp.xcdatamodel */;
			path = MarvelApp.xcdatamodeld;
			sourceTree = "<group>";
			versionGroupType = wrapper.xcdatamodel;
		};
/* End XCVersionGroup section */
	};
	rootObject = D205CDF328F6D580001EADC6 /* Project object */;
}
